
Microsoft Visual Studio Solution File, Format Version 12.00
# Visual Studio Version 17
VisualStudioVersion = 17.7.34018.315
MinimumVisualStudioVersion = 10.0.40219.1
Project("{FAE04EC0-301F-11D3-BF4B-00C04F79EFBC}") = "Conta_Bancaria", "Conta_Bancaria.csproj", "{C127457D-5063-4382-B86C-A109E67BCEB3}"
EndProject
Global
	GlobalSection(SolutionConfigurationPlatforms) = preSolution
		Debug|Any CPU = Debug|Any CPU
		Release|Any CPU = Release|Any CPU
	EndGlobalSection
	GlobalSection(ProjectConfigurationPlatforms) = postSolution
		{C127457D-5063-4382-B86C-A109E67BCEB3}.Debug|Any CPU.ActiveCfg = Debug|Any CPU
		{C127457D-5063-4382-B86C-A109E67BCEB3}.Debug|Any CPU.Build.0 = Debug|Any CPU
		{C127457D-5063-4382-B86C-A109E67BCEB3}.Release|Any CPU.ActiveCfg = Release|Any CPU
		{C127457D-5063-4382-B86C-A109E67BCEB3}.Release|Any CPU.Build.0 = Release|Any CPU
	EndGlobalSection
	GlobalSection(SolutionProperties) = preSolution
		HideSolutionNode = FALSE
	EndGlobalSection
	GlobalSection(ExtensibilityGlobals) = postSolution
		SolutionGuid = {A03A125D-3702-4940-8CFC-94826C425A17}
	EndGlobalSection
EndGlobal
